// !$*UTF8*$!
{
	archiveVersion = 1;
	classes = {
	};
	objectVersion = 56;
	objects = {

/* Begin PBXBuildFile section */
		0621EDA42B66D13B00974C30 /* AppDelegate.swift in Sources */ = {isa = PBXBuildFile; fileRef = 0621EDA32B66D13B00974C30 /* AppDelegate.swift */; };
		0621EDAD2B66D13D00974C30 /* Assets.xcassets in Resources */ = {isa = PBXBuildFile; fileRef = 0621EDAC2B66D13D00974C30 /* Assets.xcassets */; };
		0621EDB02B66D13D00974C30 /* LaunchScreen.storyboard in Resources */ = {isa = PBXBuildFile; fileRef = 0621EDAE2B66D13D00974C30 /* LaunchScreen.storyboard */; };
		06AB83DB2B66E1BF00A83534 /* Poppins-Bold.ttf in Resources */ = {isa = PBXBuildFile; fileRef = 06AB83DA2B66E1BF00A83534 /* Poppins-Bold.ttf */; };
		06AB83DD2B66E1ED00A83534 /* Poppins-SemiBold.ttf in Resources */ = {isa = PBXBuildFile; fileRef = 06AB83DC2B66E1ED00A83534 /* Poppins-SemiBold.ttf */; };
		06AB83DF2B66E20100A83534 /* Poppins-Medium.ttf in Resources */ = {isa = PBXBuildFile; fileRef = 06AB83DE2B66E20100A83534 /* Poppins-Medium.ttf */; };
		06AB83E12B66E20A00A83534 /* Poppins-Regular.ttf in Resources */ = {isa = PBXBuildFile; fileRef = 06AB83E02B66E20A00A83534 /* Poppins-Regular.ttf */; };
		2C5091E22B711727004D1A9D /* BaseViewModel.swift in Sources */ = {isa = PBXBuildFile; fileRef = 2C5091E12B711727004D1A9D /* BaseViewModel.swift */; };
		2C5091E42B711735004D1A9D /* BaseViewController.swift in Sources */ = {isa = PBXBuildFile; fileRef = 2C5091E32B711735004D1A9D /* BaseViewController.swift */; };
		2C5091E62B711744004D1A9D /* Observable.swift in Sources */ = {isa = PBXBuildFile; fileRef = 2C5091E52B711744004D1A9D /* Observable.swift */; };
		2C5091E92B711767004D1A9D /* SplashViewController.swift in Sources */ = {isa = PBXBuildFile; fileRef = 2C5091E82B711767004D1A9D /* SplashViewController.swift */; };
		2C5091EB2B711770004D1A9D /* SplashViewModel.swift in Sources */ = {isa = PBXBuildFile; fileRef = 2C5091EA2B711770004D1A9D /* SplashViewModel.swift */; };
/* End PBXBuildFile section */

/* Begin PBXFileReference section */
		0621EDA02B66D13B00974C30 /* waterapp.app */ = {isa = PBXFileReference; explicitFileType = wrapper.application; includeInIndex = 0; path = waterapp.app; sourceTree = BUILT_PRODUCTS_DIR; };
		0621EDA32B66D13B00974C30 /* AppDelegate.swift */ = {isa = PBXFileReference; lastKnownFileType = sourcecode.swift; path = AppDelegate.swift; sourceTree = "<group>"; };
		0621EDAC2B66D13D00974C30 /* Assets.xcassets */ = {isa = PBXFileReference; lastKnownFileType = folder.assetcatalog; path = Assets.xcassets; sourceTree = "<group>"; };
		0621EDAF2B66D13D00974C30 /* Base */ = {isa = PBXFileReference; lastKnownFileType = file.storyboard; name = Base; path = Base.lproj/LaunchScreen.storyboard; sourceTree = "<group>"; };
		0621EDB12B66D13D00974C30 /* Info.plist */ = {isa = PBXFileReference; lastKnownFileType = text.plist.xml; path = Info.plist; sourceTree = "<group>"; };
		06AB83DA2B66E1BF00A83534 /* Poppins-Bold.ttf */ = {isa = PBXFileReference; lastKnownFileType = file; path = "Poppins-Bold.ttf"; sourceTree = "<group>"; };
		06AB83DC2B66E1ED00A83534 /* Poppins-SemiBold.ttf */ = {isa = PBXFileReference; lastKnownFileType = file; path = "Poppins-SemiBold.ttf"; sourceTree = "<group>"; };
		06AB83DE2B66E20100A83534 /* Poppins-Medium.ttf */ = {isa = PBXFileReference; lastKnownFileType = file; path = "Poppins-Medium.ttf"; sourceTree = "<group>"; };
		06AB83E02B66E20A00A83534 /* Poppins-Regular.ttf */ = {isa = PBXFileReference; lastKnownFileType = file; path = "Poppins-Regular.ttf"; sourceTree = "<group>"; };
		2C5091E12B711727004D1A9D /* BaseViewModel.swift */ = {isa = PBXFileReference; lastKnownFileType = sourcecode.swift; path = BaseViewModel.swift; sourceTree = "<group>"; };
		2C5091E32B711735004D1A9D /* BaseViewController.swift */ = {isa = PBXFileReference; lastKnownFileType = sourcecode.swift; path = BaseViewController.swift; sourceTree = "<group>"; };
		2C5091E52B711744004D1A9D /* Observable.swift */ = {isa = PBXFileReference; lastKnownFileType = sourcecode.swift; path = Observable.swift; sourceTree = "<group>"; };
		2C5091E82B711767004D1A9D /* SplashViewController.swift */ = {isa = PBXFileReference; lastKnownFileType = sourcecode.swift; path = SplashViewController.swift; sourceTree = "<group>"; };
		2C5091EA2B711770004D1A9D /* SplashViewModel.swift */ = {isa = PBXFileReference; lastKnownFileType = sourcecode.swift; path = SplashViewModel.swift; sourceTree = "<group>"; };
/* End PBXFileReference section */

/* Begin PBXFrameworksBuildPhase section */
		0621ED9D2B66D13B00974C30 /* Frameworks */ = {
			isa = PBXFrameworksBuildPhase;
			buildActionMask = 2147483647;
			files = (
			);
			runOnlyForDeploymentPostprocessing = 0;
		};
/* End PBXFrameworksBuildPhase section */

/* Begin PBXGroup section */
		0621ED972B66D13B00974C30 = {
			isa = PBXGroup;
			children = (
				0621EDA22B66D13B00974C30 /* waterapp */,
				0621EDA12B66D13B00974C30 /* Products */,
			);
			sourceTree = "<group>";
		};
		0621EDA12B66D13B00974C30 /* Products */ = {
			isa = PBXGroup;
			children = (
				0621EDA02B66D13B00974C30 /* waterapp.app */,
			);
			name = Products;
			sourceTree = "<group>";
		};
		0621EDA22B66D13B00974C30 /* waterapp */ = {
			isa = PBXGroup;
			children = (
				2C5091DF2B711716004D1A9D /* Helpers */,
				06AB83D62B66DB5B00A83534 /* Controllers */,
				06AB83D52B66DB3800A83534 /* Resource */,
				06AB83D42B66DB1A00A83534 /* Application */,
				0621EDB12B66D13D00974C30 /* Info.plist */,
			);
			path = waterapp;
			sourceTree = "<group>";
		};
		06AB83D42B66DB1A00A83534 /* Application */ = {
			isa = PBXGroup;
			children = (
				0621EDA32B66D13B00974C30 /* AppDelegate.swift */,
			);
			path = Application;
			sourceTree = "<group>";
		};
		06AB83D52B66DB3800A83534 /* Resource */ = {
			isa = PBXGroup;
			children = (
				06AB83D92B66E16600A83534 /* Fonts */,
				0621EDAE2B66D13D00974C30 /* LaunchScreen.storyboard */,
				0621EDAC2B66D13D00974C30 /* Assets.xcassets */,
			);
			path = Resource;
			sourceTree = "<group>";
		};
		06AB83D62B66DB5B00A83534 /* Controllers */ = {
			isa = PBXGroup;
			children = (
				2C5091E72B711758004D1A9D /* Splash */,
			);
			path = Controllers;
			sourceTree = "<group>";
		};
		06AB83D92B66E16600A83534 /* Fonts */ = {
			isa = PBXGroup;
			children = (
				06AB83E02B66E20A00A83534 /* Poppins-Regular.ttf */,
				06AB83DE2B66E20100A83534 /* Poppins-Medium.ttf */,
				06AB83DC2B66E1ED00A83534 /* Poppins-SemiBold.ttf */,
				06AB83DA2B66E1BF00A83534 /* Poppins-Bold.ttf */,
			);
			path = Fonts;
			sourceTree = "<group>";
		};
		2C5091DF2B711716004D1A9D /* Helpers */ = {
			isa = PBXGroup;
			children = (
				2C5091E02B71171A004D1A9D /* BaseScenes */,
			);
			path = Helpers;
			sourceTree = "<group>";
		};
		2C5091E02B71171A004D1A9D /* BaseScenes */ = {
			isa = PBXGroup;
			children = (
				2C5091E12B711727004D1A9D /* BaseViewModel.swift */,
				2C5091E32B711735004D1A9D /* BaseViewController.swift */,
				2C5091E52B711744004D1A9D /* Observable.swift */,
			);
			path = BaseScenes;
			sourceTree = "<group>";
		};
		2C5091E72B711758004D1A9D /* Splash */ = {
			isa = PBXGroup;
			children = (
				2C5091E82B711767004D1A9D /* SplashViewController.swift */,
				2C5091EA2B711770004D1A9D /* SplashViewModel.swift */,
			);
			path = Splash;
			sourceTree = "<group>";
		};
/* End PBXGroup section */

/* Begin PBXNativeTarget section */
		0621ED9F2B66D13B00974C30 /* waterapp */ = {
			isa = PBXNativeTarget;
			buildConfigurationList = 0621EDB42B66D13D00974C30 /* Build configuration list for PBXNativeTarget "waterapp" */;
			buildPhases = (
				0621ED9C2B66D13B00974C30 /* Sources */,
				0621ED9D2B66D13B00974C30 /* Frameworks */,
				0621ED9E2B66D13B00974C30 /* Resources */,
			);
			buildRules = (
			);
			dependencies = (
			);
			name = waterapp;
			productName = waterapp;
			productReference = 0621EDA02B66D13B00974C30 /* waterapp.app */;
			productType = "com.apple.product-type.application";
		};
/* End PBXNativeTarget section */

/* Begin PBXProject section */
		0621ED982B66D13B00974C30 /* Project object */ = {
			isa = PBXProject;
			attributes = {
				BuildIndependentTargetsInParallel = 1;
				LastSwiftUpdateCheck = 1510;
				LastUpgradeCheck = 1510;
				TargetAttributes = {
					0621ED9F2B66D13B00974C30 = {
						CreatedOnToolsVersion = 15.1;
					};
				};
			};
			buildConfigurationList = 0621ED9B2B66D13B00974C30 /* Build configuration list for PBXProject "waterapp" */;
			compatibilityVersion = "Xcode 14.0";
			developmentRegion = en;
			hasScannedForEncodings = 0;
			knownRegions = (
				en,
				Base,
			);
			mainGroup = 0621ED972B66D13B00974C30;
			productRefGroup = 0621EDA12B66D13B00974C30 /* Products */;
			projectDirPath = "";
			projectRoot = "";
			targets = (
				0621ED9F2B66D13B00974C30 /* waterapp */,
			);
		};
/* End PBXProject section */

/* Begin PBXResourcesBuildPhase section */
		0621ED9E2B66D13B00974C30 /* Resources */ = {
			isa = PBXResourcesBuildPhase;
			buildActionMask = 2147483647;
			files = (
				0621EDB02B66D13D00974C30 /* LaunchScreen.storyboard in Resources */,
				06AB83DD2B66E1ED00A83534 /* Poppins-SemiBold.ttf in Resources */,
				06AB83DB2B66E1BF00A83534 /* Poppins-Bold.ttf in Resources */,
				06AB83E12B66E20A00A83534 /* Poppins-Regular.ttf in Resources */,
				0621EDAD2B66D13D00974C30 /* Assets.xcassets in Resources */,
				06AB83DF2B66E20100A83534 /* Poppins-Medium.ttf in Resources */,
			);
			runOnlyForDeploymentPostprocessing = 0;
		};
/* End PBXResourcesBuildPhase section */

/* Begin PBXSourcesBuildPhase section */
		0621ED9C2B66D13B00974C30 /* Sources */ = {
			isa = PBXSourcesBuildPhase;
			buildActionMask = 2147483647;
			files = (
				0621EDA42B66D13B00974C30 /* AppDelegate.swift in Sources */,
				2C5091E62B711744004D1A9D /* Observable.swift in Sources */,
				2C5091E42B711735004D1A9D /* BaseViewController.swift in Sources */,
				2C5091EB2B711770004D1A9D /* SplashViewModel.swift in Sources */,
				2C5091E22B711727004D1A9D /* BaseViewModel.swift in Sources */,
				2C5091E92B711767004D1A9D /* SplashViewController.swift in Sources */,
			);
			runOnlyForDeploymentPostprocessing = 0;
		};
/* End PBXSourcesBuildPhase section */

/* Begin PBXVariantGroup section */
		0621EDAE2B66D13D00974C30 /* LaunchScreen.storyboard */ = {
			isa = PBXVariantGroup;
			children = (
				0621EDAF2B66D13D00974C30 /* Base */,
			);
			name = LaunchScreen.storyboard;
			sourceTree = "<group>";
		};
/* End PBXVariantGroup section */

/* Begin XCBuildConfiguration section */
		0621EDB22B66D13D00974C30 /* Debug */ = {
			isa = XCBuildConfiguration;
			buildSettings = {
				ALWAYS_SEARCH_USER_PATHS = NO;
				ASSETCATALOG_COMPILER_GENERATE_SWIFT_ASSET_SYMBOL_EXTENSIONS = YES;
				CLANG_ANALYZER_NONNULL = YES;
				CLANG_ANALYZER_NUMBER_OBJECT_CONVERSION = YES_AGGRESSIVE;
				CLANG_CXX_LANGUAGE_STANDARD = "gnu++20";
				CLANG_ENABLE_MODULES = YES;
				CLANG_ENABLE_OBJC_ARC = YES;
				CLANG_ENABLE_OBJC_WEAK = YES;
				CLANG_WARN_BLOCK_CAPTURE_AUTORELEASING = YES;
				CLANG_WARN_BOOL_CONVERSION = YES;
				CLANG_WARN_COMMA = YES;
				CLANG_WARN_CONSTANT_CONVERSION = YES;
				CLANG_WARN_DEPRECATED_OBJC_IMPLEMENTATIONS = YES;
				CLANG_WARN_DIRECT_OBJC_ISA_USAGE = YES_ERROR;
				CLANG_WARN_DOCUMENTATION_COMMENTS = YES;
				CLANG_WARN_EMPTY_BODY = YES;
				CLANG_WARN_ENUM_CONVERSION = YES;
				CLANG_WARN_INFINITE_RECURSION = YES;
				CLANG_WARN_INT_CONVERSION = YES;
				CLANG_WARN_NON_LITERAL_NULL_CONVERSION = YES;
				CLANG_WARN_OBJC_IMPLICIT_RETAIN_SELF = YES;
				CLANG_WARN_OBJC_LITERAL_CONVERSION = YES;
				CLANG_WARN_OBJC_ROOT_CLASS = YES_ERROR;
				CLANG_WARN_QUOTED_INCLUDE_IN_FRAMEWORK_HEADER = YES;
				CLANG_WARN_RANGE_LOOP_ANALYSIS = YES;
				CLANG_WARN_STRICT_PROTOTYPES = YES;
				CLANG_WARN_SUSPICIOUS_MOVE = YES;
				CLANG_WARN_UNGUARDED_AVAILABILITY = YES_AGGRESSIVE;
				CLANG_WARN_UNREACHABLE_CODE = YES;
				CLANG_WARN__DUPLICATE_METHOD_MATCH = YES;
				COPY_PHASE_STRIP = NO;
				DEBUG_INFORMATION_FORMAT = dwarf;
				ENABLE_STRICT_OBJC_MSGSEND = YES;
				ENABLE_TESTABILITY = YES;
				ENABLE_USER_SCRIPT_SANDBOXING = YES;
				GCC_C_LANGUAGE_STANDARD = gnu17;
				GCC_DYNAMIC_NO_PIC = NO;
				GCC_NO_COMMON_BLOCKS = YES;
				GCC_OPTIMIZATION_LEVEL = 0;
				GCC_PREPROCESSOR_DEFINITIONS = (
					"DEBUG=1",
					"$(inherited)",
				);
				GCC_WARN_64_TO_32_BIT_CONVERSION = YES;
				GCC_WARN_ABOUT_RETURN_TYPE = YES_ERROR;
				GCC_WARN_UNDECLARED_SELECTOR = YES;
				GCC_WARN_UNINITIALIZED_AUTOS = YES_AGGRESSIVE;
				GCC_WARN_UNUSED_FUNCTION = YES;
				GCC_WARN_UNUSED_VARIABLE = YES;
				IPHONEOS_DEPLOYMENT_TARGET = 17.2;
				LOCALIZATION_PREFERS_STRING_CATALOGS = YES;
				MTL_ENABLE_DEBUG_INFO = INCLUDE_SOURCE;
				MTL_FAST_MATH = YES;
				ONLY_ACTIVE_ARCH = YES;
				SDKROOT = iphoneos;
				SWIFT_ACTIVE_COMPILATION_CONDITIONS = "DEBUG $(inherited)";
				SWIFT_OPTIMIZATION_LEVEL = "-Onone";
			};
			name = Debug;
		};
		0621EDB32B66D13D00974C30 /* Release */ = {
			isa = XCBuildConfiguration;
			buildSettings = {
				ALWAYS_SEARCH_USER_PATHS = NO;
				ASSETCATALOG_COMPILER_GENERATE_SWIFT_ASSET_SYMBOL_EXTENSIONS = YES;
				CLANG_ANALYZER_NONNULL = YES;
				CLANG_ANALYZER_NUMBER_OBJECT_CONVERSION = YES_AGGRESSIVE;
				CLANG_CXX_LANGUAGE_STANDARD = "gnu++20";
				CLANG_ENABLE_MODULES = YES;
				CLANG_ENABLE_OBJC_ARC = YES;
				CLANG_ENABLE_OBJC_WEAK = YES;
				CLANG_WARN_BLOCK_CAPTURE_AUTORELEASING = YES;
				CLANG_WARN_BOOL_CONVERSION = YES;
				CLANG_WARN_COMMA = YES;
				CLANG_WARN_CONSTANT_CONVERSION = YES;
				CLANG_WARN_DEPRECATED_OBJC_IMPLEMENTATIONS = YES;
				CLANG_WARN_DIRECT_OBJC_ISA_USAGE = YES_ERROR;
				CLANG_WARN_DOCUMENTATION_COMMENTS = YES;
				CLANG_WARN_EMPTY_BODY = YES;
				CLANG_WARN_ENUM_CONVERSION = YES;
				CLANG_WARN_INFINITE_RECURSION = YES;
				CLANG_WARN_INT_CONVERSION = YES;
				CLANG_WARN_NON_LITERAL_NULL_CONVERSION = YES;
				CLANG_WARN_OBJC_IMPLICIT_RETAIN_SELF = YES;
				CLANG_WARN_OBJC_LITERAL_CONVERSION = YES;
				CLANG_WARN_OBJC_ROOT_CLASS = YES_ERROR;
				CLANG_WARN_QUOTED_INCLUDE_IN_FRAMEWORK_HEADER = YES;
				CLANG_WARN_RANGE_LOOP_ANALYSIS = YES;
				CLANG_WARN_STRICT_PROTOTYPES = YES;
				CLANG_WARN_SUSPICIOUS_MOVE = YES;
				CLANG_WARN_UNGUARDED_AVAILABILITY = YES_AGGRESSIVE;
				CLANG_WARN_UNREACHABLE_CODE = YES;
				CLANG_WARN__DUPLICATE_METHOD_MATCH = YES;
				COPY_PHASE_STRIP = NO;
				DEBUG_INFORMATION_FORMAT = "dwarf-with-dsym";
				ENABLE_NS_ASSERTIONS = NO;
				ENABLE_STRICT_OBJC_MSGSEND = YES;
				ENABLE_USER_SCRIPT_SANDBOXING = YES;
				GCC_C_LANGUAGE_STANDARD = gnu17;
				GCC_NO_COMMON_BLOCKS = YES;
				GCC_WARN_64_TO_32_BIT_CONVERSION = YES;
				GCC_WARN_ABOUT_RETURN_TYPE = YES_ERROR;
				GCC_WARN_UNDECLARED_SELECTOR = YES;
				GCC_WARN_UNINITIALIZED_AUTOS = YES_AGGRESSIVE;
				GCC_WARN_UNUSED_FUNCTION = YES;
				GCC_WARN_UNUSED_VARIABLE = YES;
				IPHONEOS_DEPLOYMENT_TARGET = 17.2;
				LOCALIZATION_PREFERS_STRING_CATALOGS = YES;
				MTL_ENABLE_DEBUG_INFO = NO;
				MTL_FAST_MATH = YES;
				SDKROOT = iphoneos;
				SWIFT_COMPILATION_MODE = wholemodule;
				VALIDATE_PRODUCT = YES;
			};
			name = Release;
		};
		0621EDB52B66D13D00974C30 /* Debug */ = {
			isa = XCBuildConfiguration;
			buildSettings = {
				ASSETCATALOG_COMPILER_APPICON_NAME = AppIcon;
				ASSETCATALOG_COMPILER_GLOBAL_ACCENT_COLOR_NAME = AccentColor;
				CODE_SIGN_STYLE = Automatic;
				CURRENT_PROJECT_VERSION = 1;
				DEVELOPMENT_TEAM = WLVP2AZFAG;
				GENERATE_INFOPLIST_FILE = YES;
				INFOPLIST_FILE = waterapp/Info.plist;
				INFOPLIST_KEY_UIApplicationSupportsIndirectInputEvents = YES;
				INFOPLIST_KEY_UILaunchStoryboardName = LaunchScreen.storyboard;
				INFOPLIST_KEY_UISupportedInterfaceOrientations_iPad = "UIInterfaceOrientationPortrait UIInterfaceOrientationPortraitUpsideDown UIInterfaceOrientationLandscapeLeft UIInterfaceOrientationLandscapeRight";
				INFOPLIST_KEY_UISupportedInterfaceOrientations_iPhone = "UIInterfaceOrientationPortrait UIInterfaceOrientationLandscapeLeft UIInterfaceOrientationLandscapeRight";
				LD_RUNPATH_SEARCH_PATHS = (
					"$(inherited)",
					"@executable_path/Frameworks",
				);
				MARKETING_VERSION = 1.0;
				PRODUCT_BUNDLE_IDENTIFIER = com.pervincaliskan.waterapp;
				PRODUCT_NAME = "$(TARGET_NAME)";
				SWIFT_EMIT_LOC_STRINGS = YES;
				SWIFT_VERSION = 5.0;
				TARGETED_DEVICE_FAMILY = "1,2";
			};
			name = Debug;
		};
		0621EDB62B66D13D00974C30 /* Release */ = {
			isa = XCBuildConfiguration;
			buildSettings = {
				ASSETCATALOG_COMPILER_APPICON_NAME = AppIcon;
				ASSETCATALOG_COMPILER_GLOBAL_ACCENT_COLOR_NAME = AccentColor;
				CODE_SIGN_STYLE = Automatic;
				CURRENT_PROJECT_VERSION = 1;
				DEVELOPMENT_TEAM = WLVP2AZFAG;
				GENERATE_INFOPLIST_FILE = YES;
				INFOPLIST_FILE = waterapp/Info.plist;
				INFOPLIST_KEY_UIApplicationSupportsIndirectInputEvents = YES;
				INFOPLIST_KEY_UILaunchStoryboardName = LaunchScreen.storyboard;
				INFOPLIST_KEY_UISupportedInterfaceOrientations_iPad = "UIInterfaceOrientationPortrait UIInterfaceOrientationPortraitUpsideDown UIInterfaceOrientationLandscapeLeft UIInterfaceOrientationLandscapeRight";
				INFOPLIST_KEY_UISupportedInterfaceOrientations_iPhone = "UIInterfaceOrientationPortrait UIInterfaceOrientationLandscapeLeft UIInterfaceOrientationLandscapeRight";
				LD_RUNPATH_SEARCH_PATHS = (
					"$(inherited)",
					"@executable_path/Frameworks",
				);
				MARKETING_VERSION = 1.0;
				PRODUCT_BUNDLE_IDENTIFIER = com.pervincaliskan.waterapp;
				PRODUCT_NAME = "$(TARGET_NAME)";
				SWIFT_EMIT_LOC_STRINGS = YES;
				SWIFT_VERSION = 5.0;
				TARGETED_DEVICE_FAMILY = "1,2";
			};
			name = Release;
		};
/* End XCBuildConfiguration section */

/* Begin XCConfigurationList section */
		0621ED9B2B66D13B00974C30 /* Build configuration list for PBXProject "waterapp" */ = {
			isa = XCConfigurationList;
			buildConfigurations = (
				0621EDB22B66D13D00974C30 /* Debug */,
				0621EDB32B66D13D00974C30 /* Release */,
			);
			defaultConfigurationIsVisible = 0;
			defaultConfigurationName = Release;
		};
		0621EDB42B66D13D00974C30 /* Build configuration list for PBXNativeTarget "waterapp" */ = {
			isa = XCConfigurationList;
			buildConfigurations = (
				0621EDB52B66D13D00974C30 /* Debug */,
				0621EDB62B66D13D00974C30 /* Release */,
			);
			defaultConfigurationIsVisible = 0;
			defaultConfigurationName = Release;
		};
/* End XCConfigurationList section */
	};
	rootObject = 0621ED982B66D13B00974C30 /* Project object */;
}
